{
  "name": "gcAdminPannel",
  "lockfileVersion": 3,
  "requires": true,
  "packages": {
    "": {
      "dependencies": {
        "@fortawesome/fontawesome-svg-core": "^7.2.0",
        "@fortawesome/free-solid-svg-icons": "^7.2.0",
        "@fortawesome/react-fontawesome": "^3.2.0",
        "eventemitter3": "^5.0.4",
        "parse": "^8.1.0",
        "react-router-dom": "^7.13.0"
      }
    },
    "node_modules/@babel/runtime": {
      "version": "7.28.6",
      "resolved": "https://registry.npmjs.org/@babel/runtime/-/runtime-7.28.6.tgz",
      "integrity": "sha512-05WQkdpL9COIMz4LjTxGpPNCdlpyimKppYNoJ5Di5EUObifl8t4tuLuUBBZEpoLYOmfvIWrsp9fCl0HoPRVTdA==",
      "license": "MIT",
      "engines": {
        "node": ">=6.9.0"
      }
    },
    "node_modules/@babel/runtime-corejs3": {
      "version": "7.29.0",
      "resolved": "https://registry.npmjs.org/@babel/runtime-corejs3/-/runtime-corejs3-7.29.0.tgz",
      "integrity": "sha512-TgUkdp71C9pIbBcHudc+gXZnihEDOjUAmXO1VO4HHGES7QLZcShR0stfKIxLSNIYx2fqhmJChOjm/wkF8wv4gA==",
      "license": "MIT",
      "dependencies": {
        "core-js-pure": "^3.48.0"
      },
      "engines": {
        "node": ">=6.9.0"
      }
    },
    "node_modules/@fortawesome/fontawesome-common-types": {
      "version": "7.2.0",
      "resolved": "https://registry.npmjs.org/@fortawesome/fontawesome-common-types/-/fontawesome-common-types-7.2.0.tgz",
      "integrity": "sha512-IpR0bER9FY25p+e7BmFH25MZKEwFHTfRAfhOyJubgiDnoJNsSvJ7nigLraHtp4VOG/cy8D7uiV0dLkHOne5Fhw==",
      "license": "MIT",
      "engines": {
        "node": ">=6"
      }
    },
    "node_modules/@fortawesome/fontawesome-svg-core": {
      "version": "7.2.0",
      "resolved": "https://registry.npmjs.org/@fortawesome/fontawesome-svg-core/-/fontawesome-svg-core-7.2.0.tgz",
      "integrity": "sha512-6639htZMjEkwskf3J+e6/iar+4cTNM9qhoWuRfj9F3eJD6r7iCzV1SWnQr2Mdv0QT0suuqU8BoJCZUyCtP9R4Q==",
      "license": "MIT",
      "dependencies": {
        "@fortawesome/fontawesome-common-types": "7.2.0"
      },
      "engines": {
        "node": ">=6"
      }
    },
    "node_modules/@fortawesome/free-solid-svg-icons": {
      "version": "7.2.0",
      "resolved": "https://registry.npmjs.org/@fortawesome/free-solid-svg-icons/-/free-solid-svg-icons-7.2.0.tgz",
      "integrity": "sha512-YTVITFGN0/24PxzXrwqCgnyd7njDuzp5ZvaCx5nq/jg55kUYd94Nj8UTchBdBofi/L0nwRfjGOg0E41d2u9T1w==",
      "license": "(CC-BY-4.0 AND MIT)",
      "dependencies": {
        "@fortawesome/fontawesome-common-types": "7.2.0"
      },
      "engines": {
        "node": ">=6"
      }
    },
    "node_modules/@fortawesome/react-fontawesome": {
      "version": "3.2.0",
      "resolved": "https://registry.npmjs.org/@fortawesome/react-fontawesome/-/react-fontawesome-3.2.0.tgz",
      "integrity": "sha512-E9Gu1hqd6JussVO26EC4WqRZssXMnQr2ol7ZNWkkFOH8jZUaxDJ9Z9WF9wIVkC+kJGXUdY3tlffpDwEKfgQrQw==",
      "license": "MIT",
      "engines": {
        "node": ">=20"
      },
      "peerDependencies": {
        "@fortawesome/fontawesome-svg-core": "~6 || ~7",
        "react": "^18.0.0 || ^19.0.0"
      }
    },
    "node_modules/cookie": {
      "version": "1.1.1",
      "resolved": "https://registry.npmjs.org/cookie/-/cookie-1.1.1.tgz",
      "integrity": "sha512-ei8Aos7ja0weRpFzJnEA9UHJ/7XQmqglbRwnf2ATjcB9Wq874VKH9kfjjirM6UhU2/E5fFYadylyhFldcqSidQ==",
      "license": "MIT",
      "engines": {
        "node": ">=18"
      },
      "funding": {
        "type": "opencollective",
        "url": "https://opencollective.com/express"
      }
    },
    "node_modules/core-js-pure": {
      "version": "3.48.0",
      "resolved": "https://registry.npmjs.org/core-js-pure/-/core-js-pure-3.48.0.tgz",
      "integrity": "sha512-1slJgk89tWC51HQ1AEqG+s2VuwpTRr8ocu4n20QUcH1v9lAN0RXen0Q0AABa/DK1I7RrNWLucplOHMx8hfTGTw==",
      "hasInstallScript": true,
      "license": "MIT",
      "funding": {
        "type": "opencollective",
        "url": "https://opencollective.com/core-js"
      }
    },
    "node_modules/crypto-js": {
      "version": "4.2.0",
      "resolved": "https://registry.npmjs.org/crypto-js/-/crypto-js-4.2.0.tgz",
      "integrity": "sha512-KALDyEYgpY+Rlob/iriUtjV6d5Eq+Y191A5g4UqLAi8CyGP9N1+FdVbkc1SxKc2r4YAYqG8JzO2KGL+AizD70Q==",
      "license": "MIT"
    },
    "node_modules/eventemitter3": {
      "version": "5.0.4",
      "resolved": "https://registry.npmjs.org/eventemitter3/-/eventemitter3-5.0.4.tgz",
      "integrity": "sha512-mlsTRyGaPBjPedk6Bvw+aqbsXDtoAyAzm5MO7JgU+yVRyMQ5O8bD4Kcci7BS85f93veegeCPkL8R4GLClnjLFw==",
      "license": "MIT"
    },
    "node_modules/idb-keyval": {
      "version": "6.2.2",
      "resolved": "https://registry.npmjs.org/idb-keyval/-/idb-keyval-6.2.2.tgz",
      "integrity": "sha512-yjD9nARJ/jb1g+CvD0tlhUHOrJ9Sy0P8T9MF3YaLlHnSRpwPfpTX0XIvpmw3gAJUmEu3FiICLBDPXVwyEvrleg==",
      "license": "Apache-2.0"
    },
    "node_modules/parse": {
      "version": "8.1.0",
      "resolved": "https://registry.npmjs.org/parse/-/parse-8.1.0.tgz",
      "integrity": "sha512-QJvYHrNXXKfo8F9wUPB5eeT8VOTc9tObWuf07dAKgQi3375gC3bejyxIezOh3c6SOmCVpvBL2Ro0jspQbeEgkA==",
      "license": "Apache-2.0",
      "dependencies": {
        "@babel/runtime": "7.28.6",
        "@babel/runtime-corejs3": "7.29.0",
        "crypto-js": "4.2.0",
        "idb-keyval": "6.2.2",
        "react-native-crypto-js": "1.0.0",
        "ws": "8.19.0"
      },
      "engines": {
        "node": ">=20.19.0 <21 || >=22.12.0 <23 || >=24.1.0 <25"
      }
    },
    "node_modules/react": {
      "version": "19.2.4",
      "resolved": "https://registry.npmjs.org/react/-/react-19.2.4.tgz",
      "integrity": "sha512-9nfp2hYpCwOjAN+8TZFGhtWEwgvWHXqESH8qT89AT/lWklpLON22Lc8pEtnpsZz7VmawabSU0gCjnj8aC0euHQ==",
      "license": "MIT",
      "peer": true,
      "engines": {
        "node": ">=0.10.0"
      }
    },
    "node_modules/react-dom": {
      "version": "19.2.4",
      "resolved": "https://registry.npmjs.org/react-dom/-/react-dom-19.2.4.tgz",
      "integrity": "sha512-AXJdLo8kgMbimY95O2aKQqsz2iWi9jMgKJhRBAxECE4IFxfcazB2LmzloIoibJI3C12IlY20+KFaLv+71bUJeQ==",
      "license": "MIT",
      "peer": true,
      "dependencies": {
        "scheduler": "^0.27.0"
      },
      "peerDependencies": {
        "react": "^19.2.4"
      }
    },
    "node_modules/react-native-crypto-js": {
      "version": "1.0.0",
      "resolved": "https://registry.npmjs.org/react-native-crypto-js/-/react-native-crypto-js-1.0.0.tgz",
      "integrity": "sha512-FNbLuG/HAdapQoybeZSoes1PWdOj0w242gb+e1R0hicf3Gyj/Mf8M9NaED2AnXVOX01b2FXomwUiw1xP1K+8sA==",
      "license": "MIT"
    },
    "node_modules/react-router": {
      "version": "7.13.0",
      "resolved": "https://registry.npmjs.org/react-router/-/react-router-7.13.0.tgz",
      "integrity": "sha512-PZgus8ETambRT17BUm/LL8lX3Of+oiLaPuVTRH3l1eLvSPpKO3AvhAEb5N7ihAFZQrYDqkvvWfFh9p0z9VsjLw==",
      "license": "MIT",
      "dependencies": {
        "cookie": "^1.0.1",
        "set-cookie-parser": "^2.6.0"
      },
      "engines": {
        "node": ">=20.0.0"
      },
      "peerDependencies": {
        "react": ">=18",
        "react-dom": ">=18"
      },
      "peerDependenciesMeta": {
        "react-dom": {
          "optional": true
        }
      }
    },
    "node_modules/react-router-dom": {
      "version": "7.13.0",
      "resolved": "https://registry.npmjs.org/react-router-dom/-/react-router-dom-7.13.0.tgz",
      "integrity": "sha512-5CO/l5Yahi2SKC6rGZ+HDEjpjkGaG/ncEP7eWFTvFxbHP8yeeI0PxTDjimtpXYlR3b3i9/WIL4VJttPrESIf2g==",
      "license": "MIT",
      "dependencies": {
        "react-router": "7.13.0"
      },
      "engines": {
        "node": ">=20.0.0"
      },
      "peerDependencies": {
        "react": ">=18",
        "react-dom": ">=18"
      }
    },
    "node_modules/scheduler": {
      "version": "0.27.0",
      "resolved": "https://registry.npmjs.org/scheduler/-/scheduler-0.27.0.tgz",
      "integrity": "sha512-eNv+WrVbKu1f3vbYJT/xtiF5syA5HPIMtf9IgY/nKg0sWqzAUEvqY/xm7OcZc/qafLx/iO9FgOmeSAp4v5ti/Q==",
      "license": "MIT",
      "peer": true
    },
    "node_modules/set-cookie-parser": {
      "version": "2.7.2",
      "resolved": "https://registry.npmjs.org/set-cookie-parser/-/set-cookie-parser-2.7.2.tgz",
      "integrity": "sha512-oeM1lpU/UvhTxw+g3cIfxXHyJRc/uidd3yK1P242gzHds0udQBYzs3y8j4gCCW+ZJ7ad0yctld8RYO+bdurlvw==",
      "license": "MIT"
    },
    "node_modules/ws": {
      "version": "8.19.0",
      "resolved": "https://registry.npmjs.org/ws/-/ws-8.19.0.tgz",
      "integrity": "sha512-blAT2mjOEIi0ZzruJfIhb3nps74PRWTCz1IjglWEEpQl5XS/UNama6u2/rjFkDDouqr4L67ry+1aGIALViWjDg==",
      "license": "MIT",
      "engines": {
        "node": ">=10.0.0"
      },
      "peerDependencies": {
        "bufferutil": "^4.0.1",
        "utf-8-validate": ">=5.0.2"
      },
      "peerDependenciesMeta": {
        "bufferutil": {
          "optional": true
        },
        "utf-8-validate": {
          "optional": true
        }
      }
    }
  }
}
